// !$*UTF8*$!
{
	archiveVersion = 1;
	classes = {
	};
	objectVersion = 50;
	objects = {

/* Begin PBXBuildFile section */
		D1B9540125D4025A00605EFD /* AppDelegate.swift in Sources */ = {isa = PBXBuildFile; fileRef = D1B9540025D4025A00605EFD /* AppDelegate.swift */; };
		D1B9540325D4025A00605EFD /* SceneDelegate.swift in Sources */ = {isa = PBXBuildFile; fileRef = D1B9540225D4025A00605EFD /* SceneDelegate.swift */; };
		D1B9540525D4025A00605EFD /* ViewController.swift in Sources */ = {isa = PBXBuildFile; fileRef = D1B9540425D4025A00605EFD /* ViewController.swift */; };
		D1B9540825D4025A00605EFD /* Main.storyboard in Resources */ = {isa = PBXBuildFile; fileRef = D1B9540625D4025A00605EFD /* Main.storyboard */; };
		D1B9540B25D4025A00605EFD /* WG_Projekt.xcdatamodeld in Sources */ = {isa = PBXBuildFile; fileRef = D1B9540925D4025A00605EFD /* WG_Projekt.xcdatamodeld */; };
		D1B9540D25D4025D00605EFD /* Assets.xcassets in Resources */ = {isa = PBXBuildFile; fileRef = D1B9540C25D4025D00605EFD /* Assets.xcassets */; };
		D1B9541025D4025D00605EFD /* LaunchScreen.storyboard in Resources */ = {isa = PBXBuildFile; fileRef = D1B9540E25D4025D00605EFD /* LaunchScreen.storyboard */; };
		D1B9541825D4054000605EFD /* GradientView.swift in Sources */ = {isa = PBXBuildFile; fileRef = D1B9541725D4054000605EFD /* GradientView.swift */; };
		D1B9541A25D4056E00605EFD /* ProfileScreen.swift in Sources */ = {isa = PBXBuildFile; fileRef = D1B9541925D4056E00605EFD /* ProfileScreen.swift */; };
/* End PBXBuildFile section */

/* Begin PBXFileReference section */
		D1B953FD25D4025A00605EFD /* WG-Projekt.app */ = {isa = PBXFileReference; explicitFileType = wrapper.application; includeInIndex = 0; path = "WG-Projekt.app"; sourceTree = BUILT_PRODUCTS_DIR; };
		D1B9540025D4025A00605EFD /* AppDelegate.swift */ = {isa = PBXFileReference; lastKnownFileType = sourcecode.swift; path = AppDelegate.swift; sourceTree = "<group>"; };
		D1B9540225D4025A00605EFD /* SceneDelegate.swift */ = {isa = PBXFileReference; lastKnownFileType = sourcecode.swift; path = SceneDelegate.swift; sourceTree = "<group>"; };
		D1B9540425D4025A00605EFD /* ViewController.swift */ = {isa = PBXFileReference; lastKnownFileType = sourcecode.swift; path = ViewController.swift; sourceTree = "<group>"; };
		D1B9540725D4025A00605EFD /* Base */ = {isa = PBXFileReference; lastKnownFileType = file.storyboard; name = Base; path = Base.lproj/Main.storyboard; sourceTree = "<group>"; };
		D1B9540A25D4025A00605EFD /* WG_Projekt.xcdatamodel */ = {isa = PBXFileReference; lastKnownFileType = wrapper.xcdatamodel; path = WG_Projekt.xcdatamodel; sourceTree = "<group>"; };
		D1B9540C25D4025D00605EFD /* Assets.xcassets */ = {isa = PBXFileReference; lastKnownFileType = folder.assetcatalog; path = Assets.xcassets; sourceTree = "<group>"; };
		D1B9540F25D4025D00605EFD /* Base */ = {isa = PBXFileReference; lastKnownFileType = file.storyboard; name = Base; path = Base.lproj/LaunchScreen.storyboard; sourceTree = "<group>"; };
		D1B9541125D4025D00605EFD /* Info.plist */ = {isa = PBXFileReference; lastKnownFileType = text.plist.xml; path = Info.plist; sourceTree = "<group>"; };
		D1B9541725D4054000605EFD /* GradientView.swift */ = {isa = PBXFileReference; lastKnownFileType = sourcecode.swift; path = GradientView.swift; sourceTree = "<group>"; };
		D1B9541925D4056E00605EFD /* ProfileScreen.swift */ = {isa = PBXFileReference; lastKnownFileType = sourcecode.swift; path = ProfileScreen.swift; sourceTree = "<group>"; };
/* End PBXFileReference section */

/* Begin PBXFrameworksBuildPhase section */
		D1B953FA25D4025A00605EFD /* Frameworks */ = {
			isa = PBXFrameworksBuildPhase;
			buildActionMask = 2147483647;
			files = (
			);
			runOnlyForDeploymentPostprocessing = 0;
		};
/* End PBXFrameworksBuildPhase section */

/* Begin PBXGroup section */
		D1B953F425D4025A00605EFD = {
			isa = PBXGroup;
			children = (
				D1B953FF25D4025A00605EFD /* WG-Projekt */,
				D1B953FE25D4025A00605EFD /* Products */,
			);
			sourceTree = "<group>";
		};
		D1B953FE25D4025A00605EFD /* Products */ = {
			isa = PBXGroup;
			children = (
				D1B953FD25D4025A00605EFD /* WG-Projekt.app */,
			);
			name = Products;
			sourceTree = "<group>";
		};
		D1B953FF25D4025A00605EFD /* WG-Projekt */ = {
			isa = PBXGroup;
			children = (
				D1B9540025D4025A00605EFD /* AppDelegate.swift */,
				D1B9540225D4025A00605EFD /* SceneDelegate.swift */,
				D1B9540425D4025A00605EFD /* ViewController.swift */,
				D1B9540625D4025A00605EFD /* Main.storyboard */,
				D1B9541725D4054000605EFD /* GradientView.swift */,
				D1B9541925D4056E00605EFD /* ProfileScreen.swift */,
				D1B9540C25D4025D00605EFD /* Assets.xcassets */,
				D1B9540E25D4025D00605EFD /* LaunchScreen.storyboard */,
				D1B9541125D4025D00605EFD /* Info.plist */,
				D1B9540925D4025A00605EFD /* WG_Projekt.xcdatamodeld */,
			);
			path = "WG-Projekt";
			sourceTree = "<group>";
		};
/* End PBXGroup section */

/* Begin PBXNativeTarget section */
		D1B953FC25D4025A00605EFD /* WG-Projekt */ = {
			isa = PBXNativeTarget;
			buildConfigurationList = D1B9541425D4025D00605EFD /* Build configuration list for PBXNativeTarget "WG-Projekt" */;
			buildPhases = (
				D1B953F925D4025A00605EFD /* Sources */,
				D1B953FA25D4025A00605EFD /* Frameworks */,
				D1B953FB25D4025A00605EFD /* Resources */,
			);
			buildRules = (
			);
			dependencies = (
			);
			name = "WG-Projekt";
			productName = "WG-Projekt";
			productReference = D1B953FD25D4025A00605EFD /* WG-Projekt.app */;
			productType = "com.apple.product-type.application";
		};
/* End PBXNativeTarget section */

/* Begin PBXProject section */
		D1B953F525D4025A00605EFD /* Project object */ = {
			isa = PBXProject;
			attributes = {
				LastSwiftUpdateCheck = 1160;
				LastUpgradeCheck = 1160;
				ORGANIZATIONNAME = "WG-Projekt";
				TargetAttributes = {
					D1B953FC25D4025A00605EFD = {
						CreatedOnToolsVersion = 11.6;
					};
				};
			};
			buildConfigurationList = D1B953F825D4025A00605EFD /* Build configuration list for PBXProject "WG-Projekt" */;
			compatibilityVersion = "Xcode 9.3";
			developmentRegion = en;
			hasScannedForEncodings = 0;
			knownRegions = (
				en,
				Base,
			);
			mainGroup = D1B953F425D4025A00605EFD;
			productRefGroup = D1B953FE25D4025A00605EFD /* Products */;
			projectDirPath = "";
			projectRoot = "";
			targets = (
				D1B953FC25D4025A00605EFD /* WG-Projekt */,
			);
		};
/* End PBXProject section */

/* Begin PBXResourcesBuildPhase section */
		D1B953FB25D4025A00605EFD /* Resources */ = {
			isa = PBXResourcesBuildPhase;
			buildActionMask = 2147483647;
			files = (
				D1B9541025D4025D00605EFD /* LaunchScreen.storyboard in Resources */,
				D1B9540D25D4025D00605EFD /* Assets.xcassets in Resources */,
				D1B9540825D4025A00605EFD /* Main.storyboard in Resources */,
			);
			runOnlyForDeploymentPostprocessing = 0;
		};
/* End PBXResourcesBuildPhase section */

/* Begin PBXSourcesBuildPhase section */
		D1B953F925D4025A00605EFD /* Sources */ = {
			isa = PBXSourcesBuildPhase;
			buildActionMask = 2147483647;
			files = (
				D1B9540525D4025A00605EFD /* ViewController.swift in Sources */,
				D1B9541A25D4056E00605EFD /* ProfileScreen.swift in Sources */,
				D1B9540125D4025A00605EFD /* AppDelegate.swift in Sources */,
				D1B9541825D4054000605EFD /* GradientView.swift in Sources */,
				D1B9540325D4025A00605EFD /* SceneDelegate.swift in Sources */,
				D1B9540B25D4025A00605EFD /* WG_Projekt.xcdatamodeld in Sources */,
			);
			runOnlyForDeploymentPostprocessing = 0;
		};
/* End PBXSourcesBuildPhase section */

/* Begin PBXVariantGroup section */
		D1B9540625D4025A00605EFD /* Main.storyboard */ = {
			isa = PBXVariantGroup;
			children = (
				D1B9540725D4025A00605EFD /* Base */,
			);
			name = Main.storyboard;
			sourceTree = "<group>";
		};
		D1B9540E25D4025D00605EFD /* LaunchScreen.storyboard */ = {
			isa = PBXVariantGroup;
			children = (
				D1B9540F25D4025D00605EFD /* Base */,
			);
			name = LaunchScreen.storyboard;
			sourceTree = "<group>";
		};
/* End PBXVariantGroup section */

/* Begin XCBuildConfiguration section */
		D1B9541225D4025D00605EFD /* Debug */ = {
			isa = XCBuildConfiguration;
			buildSettings = {
				ALWAYS_SEARCH_USER_PATHS = NO;
				CLANG_ANALYZER_NONNULL = YES;
				CLANG_ANALYZER_NUMBER_OBJECT_CONVERSION = YES_AGGRESSIVE;
				CLANG_CXX_LANGUAGE_STANDARD = "gnu++14";
				CLANG_CXX_LIBRARY = "libc++";
				CLANG_ENABLE_MODULES = YES;
				CLANG_ENABLE_OBJC_ARC = YES;
				CLANG_ENABLE_OBJC_WEAK = YES;
				CLANG_WARN_BLOCK_CAPTURE_AUTORELEASING = YES;
				CLANG_WARN_BOOL_CONVERSION = YES;
				CLANG_WARN_COMMA = YES;
				CLANG_WARN_CONSTANT_CONVERSION = YES;
				CLANG_WARN_DEPRECATED_OBJC_IMPLEMENTATIONS = YES;
				CLANG_WARN_DIRECT_OBJC_ISA_USAGE = YES_ERROR;
				CLANG_WARN_DOCUMENTATION_COMMENTS = YES;
				CLANG_WARN_EMPTY_BODY = YES;
				CLANG_WARN_ENUM_CONVERSION = YES;
				CLANG_WARN_INFINITE_RECURSION = YES;
				CLANG_WARN_INT_CONVERSION = YES;
				CLANG_WARN_NON_LITERAL_NULL_CONVERSION = YES;
				CLANG_WARN_OBJC_IMPLICIT_RETAIN_SELF = YES;
				CLANG_WARN_OBJC_LITERAL_CONVERSION = YES;
				CLANG_WARN_OBJC_ROOT_CLASS = YES_ERROR;
				CLANG_WARN_RANGE_LOOP_ANALYSIS = YES;
				CLANG_WARN_STRICT_PROTOTYPES = YES;
				CLANG_WARN_SUSPICIOUS_MOVE = YES;
				CLANG_WARN_UNGUARDED_AVAILABILITY = YES_AGGRESSIVE;
				CLANG_WARN_UNREACHABLE_CODE = YES;
				CLANG_WARN__DUPLICATE_METHOD_MATCH = YES;
				COPY_PHASE_STRIP = NO;
				DEBUG_INFORMATION_FORMAT = dwarf;
				ENABLE_STRICT_OBJC_MSGSEND = YES;
				ENABLE_TESTABILITY = YES;
				GCC_C_LANGUAGE_STANDARD = gnu11;
				GCC_DYNAMIC_NO_PIC = NO;
				GCC_NO_COMMON_BLOCKS = YES;
				GCC_OPTIMIZATION_LEVEL = 0;
				GCC_PREPROCESSOR_DEFINITIONS = (
					"DEBUG=1",
					"$(inherited)",
				);
				GCC_WARN_64_TO_32_BIT_CONVERSION = YES;
				GCC_WARN_ABOUT_RETURN_TYPE = YES_ERROR;
				GCC_WARN_UNDECLARED_SELECTOR = YES;
				GCC_WARN_UNINITIALIZED_AUTOS = YES_AGGRESSIVE;
				GCC_WARN_UNUSED_FUNCTION = YES;
				GCC_WARN_UNUSED_VARIABLE = YES;
				IPHONEOS_DEPLOYMENT_TARGET = 13.6;
				MTL_ENABLE_DEBUG_INFO = INCLUDE_SOURCE;
				MTL_FAST_MATH = YES;
				ONLY_ACTIVE_ARCH = YES;
				SDKROOT = iphoneos;
				SWIFT_ACTIVE_COMPILATION_CONDITIONS = DEBUG;
				SWIFT_OPTIMIZATION_LEVEL = "-Onone";
			};
			name = Debug;
		};
		D1B9541325D4025D00605EFD /* Release */ = {
			isa = XCBuildConfiguration;
			buildSettings = {
				ALWAYS_SEARCH_USER_PATHS = NO;
				CLANG_ANALYZER_NONNULL = YES;
				CLANG_ANALYZER_NUMBER_OBJECT_CONVERSION = YES_AGGRESSIVE;
				CLANG_CXX_LANGUAGE_STANDARD = "gnu++14";
				CLANG_CXX_LIBRARY = "libc++";
				CLANG_ENABLE_MODULES = YES;
				CLANG_ENABLE_OBJC_ARC = YES;
				CLANG_ENABLE_OBJC_WEAK = YES;
				CLANG_WARN_BLOCK_CAPTURE_AUTORELEASING = YES;
				CLANG_WARN_BOOL_CONVERSION = YES;
				CLANG_WARN_COMMA = YES;
				CLANG_WARN_CONSTANT_CONVERSION = YES;
				CLANG_WARN_DEPRECATED_OBJC_IMPLEMENTATIONS = YES;
				CLANG_WARN_DIRECT_OBJC_ISA_USAGE = YES_ERROR;
				CLANG_WARN_DOCUMENTATION_COMMENTS = YES;
				CLANG_WARN_EMPTY_BODY = YES;
				CLANG_WARN_ENUM_CONVERSION = YES;
				CLANG_WARN_INFINITE_RECURSION = YES;
				CLANG_WARN_INT_CONVERSION = YES;
				CLANG_WARN_NON_LITERAL_NULL_CONVERSION = YES;
				CLANG_WARN_OBJC_IMPLICIT_RETAIN_SELF = YES;
				CLANG_WARN_OBJC_LITERAL_CONVERSION = YES;
				CLANG_WARN_OBJC_ROOT_CLASS = YES_ERROR;
				CLANG_WARN_RANGE_LOOP_ANALYSIS = YES;
				CLANG_WARN_STRICT_PROTOTYPES = YES;
				CLANG_WARN_SUSPICIOUS_MOVE = YES;
				CLANG_WARN_UNGUARDED_AVAILABILITY = YES_AGGRESSIVE;
				CLANG_WARN_UNREACHABLE_CODE = YES;
				CLANG_WARN__DUPLICATE_METHOD_MATCH = YES;
				COPY_PHASE_STRIP = NO;
				DEBUG_INFORMATION_FORMAT = "dwarf-with-dsym";
				ENABLE_NS_ASSERTIONS = NO;
				ENABLE_STRICT_OBJC_MSGSEND = YES;
				GCC_C_LANGUAGE_STANDARD = gnu11;
				GCC_NO_COMMON_BLOCKS = YES;
				GCC_WARN_64_TO_32_BIT_CONVERSION = YES;
				GCC_WARN_ABOUT_RETURN_TYPE = YES_ERROR;
				GCC_WARN_UNDECLARED_SELECTOR = YES;
				GCC_WARN_UNINITIALIZED_AUTOS = YES_AGGRESSIVE;
				GCC_WARN_UNUSED_FUNCTION = YES;
				GCC_WARN_UNUSED_VARIABLE = YES;
				IPHONEOS_DEPLOYMENT_TARGET = 13.6;
				MTL_ENABLE_DEBUG_INFO = NO;
				MTL_FAST_MATH = YES;
				SDKROOT = iphoneos;
				SWIFT_COMPILATION_MODE = wholemodule;
				SWIFT_OPTIMIZATION_LEVEL = "-O";
				VALIDATE_PRODUCT = YES;
			};
			name = Release;
		};
		D1B9541525D4025D00605EFD /* Debug */ = {
			isa = XCBuildConfiguration;
			buildSettings = {
				ASSETCATALOG_COMPILER_APPICON_NAME = AppIcon;
				CODE_SIGN_STYLE = Automatic;
				DEVELOPMENT_TEAM = UZG3B2PG9M;
				INFOPLIST_FILE = "WG-Projekt/Info.plist";
				LD_RUNPATH_SEARCH_PATHS = (
					"$(inherited)",
					"@executable_path/Frameworks",
				);
				PRODUCT_BUNDLE_IDENTIFIER = "com.bilgeselin.WG-Projekt";
				PRODUCT_NAME = "$(TARGET_NAME)";
				SWIFT_VERSION = 5.0;
				TARGETED_DEVICE_FAMILY = "1,2";
			};
			name = Debug;
		};
		D1B9541625D4025D00605EFD /* Release */ = {
			isa = XCBuildConfiguration;
			buildSettings = {
				ASSETCATALOG_COMPILER_APPICON_NAME = AppIcon;
				CODE_SIGN_STYLE = Automatic;
				DEVELOPMENT_TEAM = UZG3B2PG9M;
				INFOPLIST_FILE = "WG-Projekt/Info.plist";
				LD_RUNPATH_SEARCH_PATHS = (
					"$(inherited)",
					"@executable_path/Frameworks",
				);
				PRODUCT_BUNDLE_IDENTIFIER = "com.bilgeselin.WG-Projekt";
				PRODUCT_NAME = "$(TARGET_NAME)";
				SWIFT_VERSION = 5.0;
				TARGETED_DEVICE_FAMILY = "1,2";
			};
			name = Release;
		};
/* End XCBuildConfiguration section */

/* Begin XCConfigurationList section */
		D1B953F825D4025A00605EFD /* Build configuration list for PBXProject "WG-Projekt" */ = {
			isa = XCConfigurationList;
			buildConfigurations = (
				D1B9541225D4025D00605EFD /* Debug */,
				D1B9541325D4025D00605EFD /* Release */,
			);
			defaultConfigurationIsVisible = 0;
			defaultConfigurationName = Release;
		};
		D1B9541425D4025D00605EFD /* Build configuration list for PBXNativeTarget "WG-Projekt" */ = {
			isa = XCConfigurationList;
			buildConfigurations = (
				D1B9541525D4025D00605EFD /* Debug */,
				D1B9541625D4025D00605EFD /* Release */,
			);
			defaultConfigurationIsVisible = 0;
			defaultConfigurationName = Release;
		};
/* End XCConfigurationList section */

/* Begin XCVersionGroup section */
		D1B9540925D4025A00605EFD /* WG_Projekt.xcdatamodeld */ = {
			isa = XCVersionGroup;
			children = (
				D1B9540A25D4025A00605EFD /* WG_Projekt.xcdatamodel */,
			);
			currentVersion = D1B9540A25D4025A00605EFD /* WG_Projekt.xcdatamodel */;
			path = WG_Projekt.xcdatamodeld;
			sourceTree = "<group>";
			versionGroupType = wrapper.xcdatamodel;
		};
/* End XCVersionGroup section */
	};
	rootObject = D1B953F525D4025A00605EFD /* Project object */;
}
